
Microsoft Visual Studio Solution File, Format Version 10.00
# Visual C# Express 2008
Project("{FAE04EC0-301F-11D3-BF4B-00C04F79EFBC}") = "Paragon", "Paragon\Paragon.csproj", "{4E821C94-1062-4DA6-B510-DD93C06BB741}"
EndProject
Global
	GlobalSection(SolutionConfigurationPlatforms) = preSolution
		Debug|x86 = Debug|x86
		Release|x86 = Release|x86
	EndGlobalSection
	GlobalSection(ProjectConfigurationPlatforms) = postSolution
		{4E821C94-1062-4DA6-B510-DD93C06BB741}.Debug|x86.ActiveCfg = Debug|x86
		{4E821C94-1062-4DA6-B510-DD93C06BB741}.Debug|x86.Build.0 = Debug|x86
		{4E821C94-1062-4DA6-B510-DD93C06BB741}.Release|x86.ActiveCfg = Release|x86
		{4E821C94-1062-4DA6-B510-DD93C06BB741}.Release|x86.Build.0 = Release|x86
		{BAF36247-E35E-4F16-B00C-B5420F91974B}.Debug|x86.ActiveCfg = Debug|x86
		{BAF36247-E35E-4F16-B00C-B5420F91974B}.Release|x86.ActiveCfg = Release|x86
	EndGlobalSection
	GlobalSection(SolutionProperties) = preSolution
		HideSolutionNode = FALSE
	EndGlobalSection
EndGlobal
